
Microsoft Visual Studio Solution File, Format Version 12.00
# Visual Studio 15
VisualStudioVersion = 15.0.27703.2035
MinimumVisualStudioVersion = 10.0.40219.1
Project("{FAE04EC0-301F-11D3-BF4B-00C04F79EFBC}") = "HighlandsGenerators", "HighlanderGenairators\HighlandsGenerators.csproj", "{8F183CE2-9107-4942-858D-2B67B676AC4D}"
EndProject
Project("{FAE04EC0-301F-11D3-BF4B-00C04F79EFBC}") = "HighlandsGenerators.Tests", "HighlanderGenairators.Tests\HighlandsGenerators.Tests.csproj", "{F4C734BE-94B2-4CA9-A77E-AD514BF72485}"
EndProject
Global
	GlobalSection(SolutionConfigurationPlatforms) = preSolution
		Debug|Any CPU = Debug|Any CPU
		Release|Any CPU = Release|Any CPU
	EndGlobalSection
	GlobalSection(ProjectConfigurationPlatforms) = postSolution
		{8F183CE2-9107-4942-858D-2B67B676AC4D}.Debug|Any CPU.ActiveCfg = Debug|Any CPU
		{8F183CE2-9107-4942-858D-2B67B676AC4D}.Debug|Any CPU.Build.0 = Debug|Any CPU
		{8F183CE2-9107-4942-858D-2B67B676AC4D}.Release|Any CPU.ActiveCfg = Release|Any CPU
		{8F183CE2-9107-4942-858D-2B67B676AC4D}.Release|Any CPU.Build.0 = Release|Any CPU
		{F4C734BE-94B2-4CA9-A77E-AD514BF72485}.Debug|Any CPU.ActiveCfg = Debug|Any CPU
		{F4C734BE-94B2-4CA9-A77E-AD514BF72485}.Debug|Any CPU.Build.0 = Debug|Any CPU
		{F4C734BE-94B2-4CA9-A77E-AD514BF72485}.Release|Any CPU.ActiveCfg = Release|Any CPU
		{F4C734BE-94B2-4CA9-A77E-AD514BF72485}.Release|Any CPU.Build.0 = Release|Any CPU
	EndGlobalSection
	GlobalSection(SolutionProperties) = preSolution
		HideSolutionNode = FALSE
	EndGlobalSection
	GlobalSection(ExtensibilityGlobals) = postSolution
		SolutionGuid = {8DBAB47D-08D4-4A6F-98C0-B07206116497}
	EndGlobalSection
EndGlobal
